
Microsoft Visual Studio Solution File, Format Version 12.00
# Visual Studio Version 16
VisualStudioVersion = 16.0.31702.278
MinimumVisualStudioVersion = 10.0.40219.1
Project("{9A19103F-16F7-4668-BE54-9A1E7A4F7556}") = "APICatalogo", "APICatalogo\APICatalogo.csproj", "{00BD8D30-937C-428A-9DCA-AF239500669A}"
EndProject
Project("{FAE04EC0-301F-11D3-BF4B-00C04F79EFBC}") = "ApiCatalogoXUnitTests", "ApiCatalogoXUnitTests\ApiCatalogoXUnitTests.csproj", "{471D0E5C-A5DB-40AE-9014-DC2175BEC9CA}"
EndProject
Global
	GlobalSection(SolutionConfigurationPlatforms) = preSolution
		Debug|Any CPU = Debug|Any CPU
		Release|Any CPU = Release|Any CPU
	EndGlobalSection
	GlobalSection(ProjectConfigurationPlatforms) = postSolution
		{00BD8D30-937C-428A-9DCA-AF239500669A}.Debug|Any CPU.ActiveCfg = Debug|Any CPU
		{00BD8D30-937C-428A-9DCA-AF239500669A}.Debug|Any CPU.Build.0 = Debug|Any CPU
		{00BD8D30-937C-428A-9DCA-AF239500669A}.Release|Any CPU.ActiveCfg = Release|Any CPU
		{00BD8D30-937C-428A-9DCA-AF239500669A}.Release|Any CPU.Build.0 = Release|Any CPU
		{471D0E5C-A5DB-40AE-9014-DC2175BEC9CA}.Debug|Any CPU.ActiveCfg = Debug|Any CPU
		{471D0E5C-A5DB-40AE-9014-DC2175BEC9CA}.Debug|Any CPU.Build.0 = Debug|Any CPU
		{471D0E5C-A5DB-40AE-9014-DC2175BEC9CA}.Release|Any CPU.ActiveCfg = Release|Any CPU
		{471D0E5C-A5DB-40AE-9014-DC2175BEC9CA}.Release|Any CPU.Build.0 = Release|Any CPU
	EndGlobalSection
	GlobalSection(SolutionProperties) = preSolution
		HideSolutionNode = FALSE
	EndGlobalSection
	GlobalSection(ExtensibilityGlobals) = postSolution
		SolutionGuid = {28E66E21-8E3D-4EF5-9C21-872D527A6DC0}
	EndGlobalSection
EndGlobal
